github.com/briandowns/openweathermap v0.19.0 h1:nkopLMEtZLxbZI1th6dOG6xkajpszofqf53r5K8mT9k=
github.com/briandowns/openweathermap v0.19.0/go.mod h1:0GLnknqicWxXnGi1IqoOaZIw+kIe5hkt+YM5WY3j8+0=
github.com/gorilla/mux v1.8.0 h1:i40aqfkR1h2SlN9hojwV5ZA91wcXFOvkdNIeFDP5koI=
github.com/gorilla/mux v1.8.0/go.mod h1:DVbg23sWSpFRCP0SfiEN6jmj59UnW/n46BH5rLB71So=
